
Microsoft Visual Studio Solution File, Format Version 12.00
# Visual Studio 2012
Project("{FAE04EC0-301F-11D3-BF4B-00C04F79EFBC}") = "loginexample.Web", "loginexample.Web\loginexample.Web.csproj", "{F85429EC-E0F1-4AAE-82B7-51AD8F101937}"
EndProject
Global
	GlobalSection(SolutionConfigurationPlatforms) = preSolution
		Debug|Any CPU = Debug|Any CPU
		Release|Any CPU = Release|Any CPU
	EndGlobalSection
	GlobalSection(ProjectConfigurationPlatforms) = postSolution
		{F85429EC-E0F1-4AAE-82B7-51AD8F101937}.Debug|Any CPU.ActiveCfg = Debug|Any CPU
		{F85429EC-E0F1-4AAE-82B7-51AD8F101937}.Debug|Any CPU.Build.0 = Debug|Any CPU
		{F85429EC-E0F1-4AAE-82B7-51AD8F101937}.Release|Any CPU.ActiveCfg = Release|Any CPU
		{F85429EC-E0F1-4AAE-82B7-51AD8F101937}.Release|Any CPU.Build.0 = Release|Any CPU
	EndGlobalSection
EndGlobal
